// !$*UTF8*$!
{
	archiveVersion = 1;
	classes = {
	};
	objectVersion = 50;
	objects = {

/* Begin PBXBuildFile section */
		531B3EAA25879901000BD41A /* AppDelegate.swift in Sources */ = {isa = PBXBuildFile; fileRef = 531B3EA925879901000BD41A /* AppDelegate.swift */; };
		531B3EAC25879901000BD41A /* SceneDelegate.swift in Sources */ = {isa = PBXBuildFile; fileRef = 531B3EAB25879901000BD41A /* SceneDelegate.swift */; };
		531B3EAE25879901000BD41A /* ViewController.swift in Sources */ = {isa = PBXBuildFile; fileRef = 531B3EAD25879901000BD41A /* ViewController.swift */; };
		531B3EB125879901000BD41A /* Main.storyboard in Resources */ = {isa = PBXBuildFile; fileRef = 531B3EAF25879901000BD41A /* Main.storyboard */; };
		531B3EB325879903000BD41A /* Assets.xcassets in Resources */ = {isa = PBXBuildFile; fileRef = 531B3EB225879903000BD41A /* Assets.xcassets */; };
		531B3EB625879903000BD41A /* LaunchScreen.storyboard in Resources */ = {isa = PBXBuildFile; fileRef = 531B3EB425879903000BD41A /* LaunchScreen.storyboard */; };
		531B3EC425879978000BD41A /* Square+File.swift in Sources */ = {isa = PBXBuildFile; fileRef = 531B3EC325879978000BD41A /* Square+File.swift */; };
/* End PBXBuildFile section */

/* Begin PBXFileReference section */
		531B3EA625879901000BD41A /* ShapeLayer.app */ = {isa = PBXFileReference; explicitFileType = wrapper.application; includeInIndex = 0; path = ShapeLayer.app; sourceTree = BUILT_PRODUCTS_DIR; };
		531B3EA925879901000BD41A /* AppDelegate.swift */ = {isa = PBXFileReference; lastKnownFileType = sourcecode.swift; path = AppDelegate.swift; sourceTree = "<group>"; };
		531B3EAB25879901000BD41A /* SceneDelegate.swift */ = {isa = PBXFileReference; lastKnownFileType = sourcecode.swift; path = SceneDelegate.swift; sourceTree = "<group>"; };
		531B3EAD25879901000BD41A /* ViewController.swift */ = {isa = PBXFileReference; lastKnownFileType = sourcecode.swift; path = ViewController.swift; sourceTree = "<group>"; };
		531B3EB025879901000BD41A /* Base */ = {isa = PBXFileReference; lastKnownFileType = file.storyboard; name = Base; path = Base.lproj/Main.storyboard; sourceTree = "<group>"; };
		531B3EB225879903000BD41A /* Assets.xcassets */ = {isa = PBXFileReference; lastKnownFileType = folder.assetcatalog; path = Assets.xcassets; sourceTree = "<group>"; };
		531B3EB525879903000BD41A /* Base */ = {isa = PBXFileReference; lastKnownFileType = file.storyboard; name = Base; path = Base.lproj/LaunchScreen.storyboard; sourceTree = "<group>"; };
		531B3EB725879903000BD41A /* Info.plist */ = {isa = PBXFileReference; lastKnownFileType = text.plist.xml; path = Info.plist; sourceTree = "<group>"; };
		531B3EC325879978000BD41A /* Square+File.swift */ = {isa = PBXFileReference; lastKnownFileType = sourcecode.swift; path = "Square+File.swift"; sourceTree = "<group>"; };
/* End PBXFileReference section */

/* Begin PBXFrameworksBuildPhase section */
		531B3EA325879901000BD41A /* Frameworks */ = {
			isa = PBXFrameworksBuildPhase;
			buildActionMask = 2147483647;
			files = (
			);
			runOnlyForDeploymentPostprocessing = 0;
		};
/* End PBXFrameworksBuildPhase section */

/* Begin PBXGroup section */
		531B3E9D25879901000BD41A = {
			isa = PBXGroup;
			children = (
				531B3EA825879901000BD41A /* ShapeLayer */,
				531B3EA725879901000BD41A /* Products */,
			);
			sourceTree = "<group>";
		};
		531B3EA725879901000BD41A /* Products */ = {
			isa = PBXGroup;
			children = (
				531B3EA625879901000BD41A /* ShapeLayer.app */,
			);
			name = Products;
			sourceTree = "<group>";
		};
		531B3EA825879901000BD41A /* ShapeLayer */ = {
			isa = PBXGroup;
			children = (
				531B3EC225879956000BD41A /* Extension */,
				531B3EC025879943000BD41A /* Extra */,
				531B3EAD25879901000BD41A /* ViewController.swift */,
				531B3EB725879903000BD41A /* Info.plist */,
			);
			path = ShapeLayer;
			sourceTree = "<group>";
		};
		531B3EC025879943000BD41A /* Extra */ = {
			isa = PBXGroup;
			children = (
				531B3EA925879901000BD41A /* AppDelegate.swift */,
				531B3EAB25879901000BD41A /* SceneDelegate.swift */,
				531B3EAF25879901000BD41A /* Main.storyboard */,
				531B3EB225879903000BD41A /* Assets.xcassets */,
				531B3EB425879903000BD41A /* LaunchScreen.storyboard */,
			);
			path = Extra;
			sourceTree = "<group>";
		};
		531B3EC225879956000BD41A /* Extension */ = {
			isa = PBXGroup;
			children = (
				531B3EC325879978000BD41A /* Square+File.swift */,
			);
			path = Extension;
			sourceTree = "<group>";
		};
/* End PBXGroup section */

/* Begin PBXNativeTarget section */
		531B3EA525879901000BD41A /* ShapeLayer */ = {
			isa = PBXNativeTarget;
			buildConfigurationList = 531B3EBA25879903000BD41A /* Build configuration list for PBXNativeTarget "ShapeLayer" */;
			buildPhases = (
				531B3EA225879901000BD41A /* Sources */,
				531B3EA325879901000BD41A /* Frameworks */,
				531B3EA425879901000BD41A /* Resources */,
			);
			buildRules = (
			);
			dependencies = (
			);
			name = ShapeLayer;
			productName = ShapeLayer;
			productReference = 531B3EA625879901000BD41A /* ShapeLayer.app */;
			productType = "com.apple.product-type.application";
		};
/* End PBXNativeTarget section */

/* Begin PBXProject section */
		531B3E9E25879901000BD41A /* Project object */ = {
			isa = PBXProject;
			attributes = {
				LastSwiftUpdateCheck = 1220;
				LastUpgradeCheck = 1220;
				TargetAttributes = {
					531B3EA525879901000BD41A = {
						CreatedOnToolsVersion = 12.2;
					};
				};
			};
			buildConfigurationList = 531B3EA125879901000BD41A /* Build configuration list for PBXProject "ShapeLayer" */;
			compatibilityVersion = "Xcode 9.3";
			developmentRegion = en;
			hasScannedForEncodings = 0;
			knownRegions = (
				en,
				Base,
			);
			mainGroup = 531B3E9D25879901000BD41A;
			productRefGroup = 531B3EA725879901000BD41A /* Products */;
			projectDirPath = "";
			projectRoot = "";
			targets = (
				531B3EA525879901000BD41A /* ShapeLayer */,
			);
		};
/* End PBXProject section */

/* Begin PBXResourcesBuildPhase section */
		531B3EA425879901000BD41A /* Resources */ = {
			isa = PBXResourcesBuildPhase;
			buildActionMask = 2147483647;
			files = (
				531B3EB625879903000BD41A /* LaunchScreen.storyboard in Resources */,
				531B3EB325879903000BD41A /* Assets.xcassets in Resources */,
				531B3EB125879901000BD41A /* Main.storyboard in Resources */,
			);
			runOnlyForDeploymentPostprocessing = 0;
		};
/* End PBXResourcesBuildPhase section */

/* Begin PBXSourcesBuildPhase section */
		531B3EA225879901000BD41A /* Sources */ = {
			isa = PBXSourcesBuildPhase;
			buildActionMask = 2147483647;
			files = (
				531B3EC425879978000BD41A /* Square+File.swift in Sources */,
				531B3EAE25879901000BD41A /* ViewController.swift in Sources */,
				531B3EAA25879901000BD41A /* AppDelegate.swift in Sources */,
				531B3EAC25879901000BD41A /* SceneDelegate.swift in Sources */,
			);
			runOnlyForDeploymentPostprocessing = 0;
		};
/* End PBXSourcesBuildPhase section */

/* Begin PBXVariantGroup section */
		531B3EAF25879901000BD41A /* Main.storyboard */ = {
			isa = PBXVariantGroup;
			children = (
				531B3EB025879901000BD41A /* Base */,
			);
			name = Main.storyboard;
			sourceTree = "<group>";
		};
		531B3EB425879903000BD41A /* LaunchScreen.storyboard */ = {
			isa = PBXVariantGroup;
			children = (
				531B3EB525879903000BD41A /* Base */,
			);
			name = LaunchScreen.storyboard;
			sourceTree = "<group>";
		};
/* End PBXVariantGroup section */

/* Begin XCBuildConfiguration section */
		531B3EB825879903000BD41A /* Debug */ = {
			isa = XCBuildConfiguration;
			buildSettings = {
				ALWAYS_SEARCH_USER_PATHS = NO;
				CLANG_ANALYZER_NONNULL = YES;
				CLANG_ANALYZER_NUMBER_OBJECT_CONVERSION = YES_AGGRESSIVE;
				CLANG_CXX_LANGUAGE_STANDARD = "gnu++14";
				CLANG_CXX_LIBRARY = "libc++";
				CLANG_ENABLE_MODULES = YES;
				CLANG_ENABLE_OBJC_ARC = YES;
				CLANG_ENABLE_OBJC_WEAK = YES;
				CLANG_WARN_BLOCK_CAPTURE_AUTORELEASING = YES;
				CLANG_WARN_BOOL_CONVERSION = YES;
				CLANG_WARN_COMMA = YES;
				CLANG_WARN_CONSTANT_CONVERSION = YES;
				CLANG_WARN_DEPRECATED_OBJC_IMPLEMENTATIONS = YES;
				CLANG_WARN_DIRECT_OBJC_ISA_USAGE = YES_ERROR;
				CLANG_WARN_DOCUMENTATION_COMMENTS = YES;
				CLANG_WARN_EMPTY_BODY = YES;
				CLANG_WARN_ENUM_CONVERSION = YES;
				CLANG_WARN_INFINITE_RECURSION = YES;
				CLANG_WARN_INT_CONVERSION = YES;
				CLANG_WARN_NON_LITERAL_NULL_CONVERSION = YES;
				CLANG_WARN_OBJC_IMPLICIT_RETAIN_SELF = YES;
				CLANG_WARN_OBJC_LITERAL_CONVERSION = YES;
				CLANG_WARN_OBJC_ROOT_CLASS = YES_ERROR;
				CLANG_WARN_QUOTED_INCLUDE_IN_FRAMEWORK_HEADER = YES;
				CLANG_WARN_RANGE_LOOP_ANALYSIS = YES;
				CLANG_WARN_STRICT_PROTOTYPES = YES;
				CLANG_WARN_SUSPICIOUS_MOVE = YES;
				CLANG_WARN_UNGUARDED_AVAILABILITY = YES_AGGRESSIVE;
				CLANG_WARN_UNREACHABLE_CODE = YES;
				CLANG_WARN__DUPLICATE_METHOD_MATCH = YES;
				COPY_PHASE_STRIP = NO;
				DEBUG_INFORMATION_FORMAT = dwarf;
				ENABLE_STRICT_OBJC_MSGSEND = YES;
				ENABLE_TESTABILITY = YES;
				GCC_C_LANGUAGE_STANDARD = gnu11;
				GCC_DYNAMIC_NO_PIC = NO;
				GCC_NO_COMMON_BLOCKS = YES;
				GCC_OPTIMIZATION_LEVEL = 0;
				GCC_PREPROCESSOR_DEFINITIONS = (
					"DEBUG=1",
					"$(inherited)",
				);
				GCC_WARN_64_TO_32_BIT_CONVERSION = YES;
				GCC_WARN_ABOUT_RETURN_TYPE = YES_ERROR;
				GCC_WARN_UNDECLARED_SELECTOR = YES;
				GCC_WARN_UNINITIALIZED_AUTOS = YES_AGGRESSIVE;
				GCC_WARN_UNUSED_FUNCTION = YES;
				GCC_WARN_UNUSED_VARIABLE = YES;
				IPHONEOS_DEPLOYMENT_TARGET = 14.2;
				MTL_ENABLE_DEBUG_INFO = INCLUDE_SOURCE;
				MTL_FAST_MATH = YES;
				ONLY_ACTIVE_ARCH = YES;
				SDKROOT = iphoneos;
				SWIFT_ACTIVE_COMPILATION_CONDITIONS = DEBUG;
				SWIFT_OPTIMIZATION_LEVEL = "-Onone";
			};
			name = Debug;
		};
		531B3EB925879903000BD41A /* Release */ = {
			isa = XCBuildConfiguration;
			buildSettings = {
				ALWAYS_SEARCH_USER_PATHS = NO;
				CLANG_ANALYZER_NONNULL = YES;
				CLANG_ANALYZER_NUMBER_OBJECT_CONVERSION = YES_AGGRESSIVE;
				CLANG_CXX_LANGUAGE_STANDARD = "gnu++14";
				CLANG_CXX_LIBRARY = "libc++";
				CLANG_ENABLE_MODULES = YES;
				CLANG_ENABLE_OBJC_ARC = YES;
				CLANG_ENABLE_OBJC_WEAK = YES;
				CLANG_WARN_BLOCK_CAPTURE_AUTORELEASING = YES;
				CLANG_WARN_BOOL_CONVERSION = YES;
				CLANG_WARN_COMMA = YES;
				CLANG_WARN_CONSTANT_CONVERSION = YES;
				CLANG_WARN_DEPRECATED_OBJC_IMPLEMENTATIONS = YES;
				CLANG_WARN_DIRECT_OBJC_ISA_USAGE = YES_ERROR;
				CLANG_WARN_DOCUMENTATION_COMMENTS = YES;
				CLANG_WARN_EMPTY_BODY = YES;
				CLANG_WARN_ENUM_CONVERSION = YES;
				CLANG_WARN_INFINITE_RECURSION = YES;
				CLANG_WARN_INT_CONVERSION = YES;
				CLANG_WARN_NON_LITERAL_NULL_CONVERSION = YES;
				CLANG_WARN_OBJC_IMPLICIT_RETAIN_SELF = YES;
				CLANG_WARN_OBJC_LITERAL_CONVERSION = YES;
				CLANG_WARN_OBJC_ROOT_CLASS = YES_ERROR;
				CLANG_WARN_QUOTED_INCLUDE_IN_FRAMEWORK_HEADER = YES;
				CLANG_WARN_RANGE_LOOP_ANALYSIS = YES;
				CLANG_WARN_STRICT_PROTOTYPES = YES;
				CLANG_WARN_SUSPICIOUS_MOVE = YES;
				CLANG_WARN_UNGUARDED_AVAILABILITY = YES_AGGRESSIVE;
				CLANG_WARN_UNREACHABLE_CODE = YES;
				CLANG_WARN__DUPLICATE_METHOD_MATCH = YES;
				COPY_PHASE_STRIP = NO;
				DEBUG_INFORMATION_FORMAT = "dwarf-with-dsym";
				ENABLE_NS_ASSERTIONS = NO;
				ENABLE_STRICT_OBJC_MSGSEND = YES;
				GCC_C_LANGUAGE_STANDARD = gnu11;
				GCC_NO_COMMON_BLOCKS = YES;
				GCC_WARN_64_TO_32_BIT_CONVERSION = YES;
				GCC_WARN_ABOUT_RETURN_TYPE = YES_ERROR;
				GCC_WARN_UNDECLARED_SELECTOR = YES;
				GCC_WARN_UNINITIALIZED_AUTOS = YES_AGGRESSIVE;
				GCC_WARN_UNUSED_FUNCTION = YES;
				GCC_WARN_UNUSED_VARIABLE = YES;
				IPHONEOS_DEPLOYMENT_TARGET = 14.2;
				MTL_ENABLE_DEBUG_INFO = NO;
				MTL_FAST_MATH = YES;
				SDKROOT = iphoneos;
				SWIFT_COMPILATION_MODE = wholemodule;
				SWIFT_OPTIMIZATION_LEVEL = "-O";
				VALIDATE_PRODUCT = YES;
			};
			name = Release;
		};
		531B3EBB25879903000BD41A /* Debug */ = {
			isa = XCBuildConfiguration;
			buildSettings = {
				ASSETCATALOG_COMPILER_APPICON_NAME = AppIcon;
				ASSETCATALOG_COMPILER_GLOBAL_ACCENT_COLOR_NAME = AccentColor;
				CODE_SIGN_STYLE = Automatic;
				DEVELOPMENT_TEAM = WPR3K55VLC;
				INFOPLIST_FILE = ShapeLayer/Info.plist;
				LD_RUNPATH_SEARCH_PATHS = (
					"$(inherited)",
					"@executable_path/Frameworks",
				);
				PRODUCT_BUNDLE_IDENTIFIER = me.francis.christian.ShapeLayer;
				PRODUCT_NAME = "$(TARGET_NAME)";
				SWIFT_VERSION = 5.0;
				TARGETED_DEVICE_FAMILY = "1,2";
			};
			name = Debug;
		};
		531B3EBC25879903000BD41A /* Release */ = {
			isa = XCBuildConfiguration;
			buildSettings = {
				ASSETCATALOG_COMPILER_APPICON_NAME = AppIcon;
				ASSETCATALOG_COMPILER_GLOBAL_ACCENT_COLOR_NAME = AccentColor;
				CODE_SIGN_STYLE = Automatic;
				DEVELOPMENT_TEAM = WPR3K55VLC;
				INFOPLIST_FILE = ShapeLayer/Info.plist;
				LD_RUNPATH_SEARCH_PATHS = (
					"$(inherited)",
					"@executable_path/Frameworks",
				);
				PRODUCT_BUNDLE_IDENTIFIER = me.francis.christian.ShapeLayer;
				PRODUCT_NAME = "$(TARGET_NAME)";
				SWIFT_VERSION = 5.0;
				TARGETED_DEVICE_FAMILY = "1,2";
			};
			name = Release;
		};
/* End XCBuildConfiguration section */

/* Begin XCConfigurationList section */
		531B3EA125879901000BD41A /* Build configuration list for PBXProject "ShapeLayer" */ = {
			isa = XCConfigurationList;
			buildConfigurations = (
				531B3EB825879903000BD41A /* Debug */,
				531B3EB925879903000BD41A /* Release */,
			);
			defaultConfigurationIsVisible = 0;
			defaultConfigurationName = Release;
		};
		531B3EBA25879903000BD41A /* Build configuration list for PBXNativeTarget "ShapeLayer" */ = {
			isa = XCConfigurationList;
			buildConfigurations = (
				531B3EBB25879903000BD41A /* Debug */,
				531B3EBC25879903000BD41A /* Release */,
			);
			defaultConfigurationIsVisible = 0;
			defaultConfigurationName = Release;
		};
/* End XCConfigurationList section */
	};
	rootObject = 531B3E9E25879901000BD41A /* Project object */;
}
